
Microsoft Visual Studio Solution File, Format Version 12.00
# Visual Studio Version 16
VisualStudioVersion = 16.0.30711.63
MinimumVisualStudioVersion = 10.0.40219.1
Project("{FAE04EC0-301F-11D3-BF4B-00C04F79EFBC}") = "FizzBuzz", "FizzBuzz.csproj", "{73234465-2F95-4F26-AF2D-55ADF888F96F}"
EndProject
Global
	GlobalSection(SolutionConfigurationPlatforms) = preSolution
		Debug|Any CPU = Debug|Any CPU
		Release|Any CPU = Release|Any CPU
	EndGlobalSection
	GlobalSection(ProjectConfigurationPlatforms) = postSolution
		{73234465-2F95-4F26-AF2D-55ADF888F96F}.Debug|Any CPU.ActiveCfg = Debug|Any CPU
		{73234465-2F95-4F26-AF2D-55ADF888F96F}.Debug|Any CPU.Build.0 = Debug|Any CPU
		{73234465-2F95-4F26-AF2D-55ADF888F96F}.Release|Any CPU.ActiveCfg = Release|Any CPU
		{73234465-2F95-4F26-AF2D-55ADF888F96F}.Release|Any CPU.Build.0 = Release|Any CPU
	EndGlobalSection
	GlobalSection(SolutionProperties) = preSolution
		HideSolutionNode = FALSE
	EndGlobalSection
	GlobalSection(ExtensibilityGlobals) = postSolution
		SolutionGuid = {84F28BCC-E51D-407E-87EC-9926EB064EA5}
	EndGlobalSection
EndGlobal
